// !$*UTF8*$!
{
	archiveVersion = 1;
	classes = {
	};
	objectVersion = 56;
	objects = {

/* Begin PBXBuildFile section */
		D21CF9E62A0A635F002C0F2E /* AppDelegate.swift in Sources */ = {isa = PBXBuildFile; fileRef = D21CF9E52A0A635F002C0F2E /* AppDelegate.swift */; };
		D21CF9E92A0A6527002C0F2E /* NavigationControllerRouter.swift in Sources */ = {isa = PBXBuildFile; fileRef = D21CF9E82A0A6527002C0F2E /* NavigationControllerRouter.swift */; };
		D21CF9ED2A0A6589002C0F2E /* ViewControllerFactory.swift in Sources */ = {isa = PBXBuildFile; fileRef = D21CF9EC2A0A6589002C0F2E /* ViewControllerFactory.swift */; };
		D21CF9EF2A0A661B002C0F2E /* iOSSwiftUIViewControllerFactory.swift in Sources */ = {isa = PBXBuildFile; fileRef = D21CF9EE2A0A661B002C0F2E /* iOSSwiftUIViewControllerFactory.swift */; };
		D21CF9F32A0A679F002C0F2E /* Artwork.swift in Sources */ = {isa = PBXBuildFile; fileRef = D21CF9F22A0A679F002C0F2E /* Artwork.swift */; };
		D21CF9F52A0A6AFC002C0F2E /* ArtworkLoader.swift in Sources */ = {isa = PBXBuildFile; fileRef = D21CF9F42A0A6AFC002C0F2E /* ArtworkLoader.swift */; };
		D21CF9FD2A0A6C4A002C0F2E /* RemoteArtworkLoader.swift in Sources */ = {isa = PBXBuildFile; fileRef = D21CF9FC2A0A6C4A002C0F2E /* RemoteArtworkLoader.swift */; };
		D21CFA012A0A6DB9002C0F2E /* ArtworkRequestProvider.swift in Sources */ = {isa = PBXBuildFile; fileRef = D21CFA002A0A6DB9002C0F2E /* ArtworkRequestProvider.swift */; };
		D21CFA032A0A733A002C0F2E /* ArtworkMapper.swift in Sources */ = {isa = PBXBuildFile; fileRef = D21CFA022A0A733A002C0F2E /* ArtworkMapper.swift */; };
		D21CFA052A0A73BC002C0F2E /* ArtworkDTOs.swift in Sources */ = {isa = PBXBuildFile; fileRef = D21CFA042A0A73BC002C0F2E /* ArtworkDTOs.swift */; };
		D21CFA072A0BBDD5002C0F2E /* ArtworkAPIErrors.swift in Sources */ = {isa = PBXBuildFile; fileRef = D21CFA062A0BBDD5002C0F2E /* ArtworkAPIErrors.swift */; };
		D21CFA0A2A0BC161002C0F2E /* HTTPClient.swift in Sources */ = {isa = PBXBuildFile; fileRef = D21CFA092A0BC134002C0F2E /* HTTPClient.swift */; };
		D21CFA102A0D273F002C0F2E /* URLSessionHTTPClient.swift in Sources */ = {isa = PBXBuildFile; fileRef = D21CFA0F2A0D273F002C0F2E /* URLSessionHTTPClient.swift */; };
		D21CFA122A0D2A05002C0F2E /* AuthenticatedHTTPClientDecorator.swift in Sources */ = {isa = PBXBuildFile; fileRef = D21CFA112A0D2A05002C0F2E /* AuthenticatedHTTPClientDecorator.swift */; };
		D21CFA152A0D2CB0002C0F2E /* ArtworkBriefSearchViewModel.swift in Sources */ = {isa = PBXBuildFile; fileRef = D21CFA142A0D2CB0002C0F2E /* ArtworkBriefSearchViewModel.swift */; };
		D21CFA172A0D3544002C0F2E /* ArtworkBriefItemViewModel.swift in Sources */ = {isa = PBXBuildFile; fileRef = D21CFA162A0D3544002C0F2E /* ArtworkBriefItemViewModel.swift */; };
		D2912ACB2A0A61BA0084B84F /* Assets.xcassets in Resources */ = {isa = PBXBuildFile; fileRef = D2912ACA2A0A61BA0084B84F /* Assets.xcassets */; };
		D2912ACE2A0A61BA0084B84F /* Preview Assets.xcassets in Resources */ = {isa = PBXBuildFile; fileRef = D2912ACD2A0A61BA0084B84F /* Preview Assets.xcassets */; };
		D2912AD82A0A61BA0084B84F /* ArtGalleryTests.swift in Sources */ = {isa = PBXBuildFile; fileRef = D2912AD72A0A61BA0084B84F /* ArtGalleryTests.swift */; };
		D2912AE22A0A61BA0084B84F /* ArtGalleryUITests.swift in Sources */ = {isa = PBXBuildFile; fileRef = D2912AE12A0A61BA0084B84F /* ArtGalleryUITests.swift */; };
		D2912AE42A0A61BA0084B84F /* ArtGalleryUITestsLaunchTests.swift in Sources */ = {isa = PBXBuildFile; fileRef = D2912AE32A0A61BA0084B84F /* ArtGalleryUITestsLaunchTests.swift */; };
		D2C9B9C72A13A6400019BC1E /* ArtworkBriefSearchView.swift in Sources */ = {isa = PBXBuildFile; fileRef = D2C9B9C62A13A6400019BC1E /* ArtworkBriefSearchView.swift */; };
		D2C9B9CA2A13B0FC0019BC1E /* ArtworkBriefLoader.swift in Sources */ = {isa = PBXBuildFile; fileRef = D2C9B9C92A13B0FC0019BC1E /* ArtworkBriefLoader.swift */; };
		D2C9B9CC2A13B1A10019BC1E /* RemoteArtworkBriefLoader.swift in Sources */ = {isa = PBXBuildFile; fileRef = D2C9B9CB2A13B1A10019BC1E /* RemoteArtworkBriefLoader.swift */; };
		D2C9B9CE2A13B2990019BC1E /* ArtworkBriefListViewModel.swift in Sources */ = {isa = PBXBuildFile; fileRef = D2C9B9CD2A13B2990019BC1E /* ArtworkBriefListViewModel.swift */; };
		D2C9B9D02A13B3D90019BC1E /* ArtworkBriefListView.swift in Sources */ = {isa = PBXBuildFile; fileRef = D2C9B9CF2A13B3D90019BC1E /* ArtworkBriefListView.swift */; };
		D2C9B9D22A13B4F80019BC1E /* ArtworkBriefDummyData.swift in Sources */ = {isa = PBXBuildFile; fileRef = D2C9B9D12A13B4F80019BC1E /* ArtworkBriefDummyData.swift */; };
		D2C9B9D92A13B76B0019BC1E /* ArtworkBriefItemView.swift in Sources */ = {isa = PBXBuildFile; fileRef = D2C9B9D82A13B76B0019BC1E /* ArtworkBriefItemView.swift */; };
		D2C9B9DB2A13BF9B0019BC1E /* ArtworkBrief.swift in Sources */ = {isa = PBXBuildFile; fileRef = D2C9B9DA2A13BF9B0019BC1E /* ArtworkBrief.swift */; };
/* End PBXBuildFile section */

/* Begin PBXContainerItemProxy section */
		D2912AD42A0A61BA0084B84F /* PBXContainerItemProxy */ = {
			isa = PBXContainerItemProxy;
			containerPortal = D2912ABB2A0A61B90084B84F /* Project object */;
			proxyType = 1;
			remoteGlobalIDString = D2912AC22A0A61B90084B84F;
			remoteInfo = ArtGallery;
		};
		D2912ADE2A0A61BA0084B84F /* PBXContainerItemProxy */ = {
			isa = PBXContainerItemProxy;
			containerPortal = D2912ABB2A0A61B90084B84F /* Project object */;
			proxyType = 1;
			remoteGlobalIDString = D2912AC22A0A61B90084B84F;
			remoteInfo = ArtGallery;
		};
/* End PBXContainerItemProxy section */

/* Begin PBXFileReference section */
		D21CF9E52A0A635F002C0F2E /* AppDelegate.swift */ = {isa = PBXFileReference; lastKnownFileType = sourcecode.swift; path = AppDelegate.swift; sourceTree = "<group>"; };
		D21CF9E72A0A63A5002C0F2E /* Info.plist */ = {isa = PBXFileReference; lastKnownFileType = text.plist.xml; path = Info.plist; sourceTree = "<group>"; };
		D21CF9E82A0A6527002C0F2E /* NavigationControllerRouter.swift */ = {isa = PBXFileReference; lastKnownFileType = sourcecode.swift; path = NavigationControllerRouter.swift; sourceTree = "<group>"; };
		D21CF9EC2A0A6589002C0F2E /* ViewControllerFactory.swift */ = {isa = PBXFileReference; lastKnownFileType = sourcecode.swift; path = ViewControllerFactory.swift; sourceTree = "<group>"; };
		D21CF9EE2A0A661B002C0F2E /* iOSSwiftUIViewControllerFactory.swift */ = {isa = PBXFileReference; lastKnownFileType = sourcecode.swift; path = iOSSwiftUIViewControllerFactory.swift; sourceTree = "<group>"; };
		D21CF9F22A0A679F002C0F2E /* Artwork.swift */ = {isa = PBXFileReference; lastKnownFileType = sourcecode.swift; path = Artwork.swift; sourceTree = "<group>"; };
		D21CF9F42A0A6AFC002C0F2E /* ArtworkLoader.swift */ = {isa = PBXFileReference; lastKnownFileType = sourcecode.swift; path = ArtworkLoader.swift; sourceTree = "<group>"; };
		D21CF9FC2A0A6C4A002C0F2E /* RemoteArtworkLoader.swift */ = {isa = PBXFileReference; lastKnownFileType = sourcecode.swift; name = RemoteArtworkLoader.swift; path = ../../../../../../../RemoteArtworkLoader.swift; sourceTree = "<group>"; };
		D21CFA002A0A6DB9002C0F2E /* ArtworkRequestProvider.swift */ = {isa = PBXFileReference; lastKnownFileType = sourcecode.swift; name = ArtworkRequestProvider.swift; path = ../../../../../../../ArtworkRequestProvider.swift; sourceTree = "<group>"; };
		D21CFA022A0A733A002C0F2E /* ArtworkMapper.swift */ = {isa = PBXFileReference; lastKnownFileType = sourcecode.swift; name = ArtworkMapper.swift; path = ../../../../../../../ArtworkMapper.swift; sourceTree = "<group>"; };
		D21CFA042A0A73BC002C0F2E /* ArtworkDTOs.swift */ = {isa = PBXFileReference; lastKnownFileType = sourcecode.swift; name = ArtworkDTOs.swift; path = ../../../../../../../ArtworkDTOs.swift; sourceTree = "<group>"; };
		D21CFA062A0BBDD5002C0F2E /* ArtworkAPIErrors.swift */ = {isa = PBXFileReference; lastKnownFileType = sourcecode.swift; path = ArtworkAPIErrors.swift; sourceTree = "<group>"; };
		D21CFA092A0BC134002C0F2E /* HTTPClient.swift */ = {isa = PBXFileReference; lastKnownFileType = sourcecode.swift; path = HTTPClient.swift; sourceTree = "<group>"; };
		D21CFA0F2A0D273F002C0F2E /* URLSessionHTTPClient.swift */ = {isa = PBXFileReference; lastKnownFileType = sourcecode.swift; path = URLSessionHTTPClient.swift; sourceTree = "<group>"; };
		D21CFA112A0D2A05002C0F2E /* AuthenticatedHTTPClientDecorator.swift */ = {isa = PBXFileReference; lastKnownFileType = sourcecode.swift; path = AuthenticatedHTTPClientDecorator.swift; sourceTree = "<group>"; };
		D21CFA142A0D2CB0002C0F2E /* ArtworkBriefSearchViewModel.swift */ = {isa = PBXFileReference; lastKnownFileType = sourcecode.swift; path = ArtworkBriefSearchViewModel.swift; sourceTree = "<group>"; };
		D21CFA162A0D3544002C0F2E /* ArtworkBriefItemViewModel.swift */ = {isa = PBXFileReference; lastKnownFileType = sourcecode.swift; path = ArtworkBriefItemViewModel.swift; sourceTree = "<group>"; };
		D272B33E2A167EE4004FB318 /* secrets.xcconfig */ = {isa = PBXFileReference; lastKnownFileType = text.xcconfig; path = secrets.xcconfig; sourceTree = "<group>"; };
		D2912AC32A0A61B90084B84F /* ArtGallery.app */ = {isa = PBXFileReference; explicitFileType = wrapper.application; includeInIndex = 0; path = ArtGallery.app; sourceTree = BUILT_PRODUCTS_DIR; };
		D2912ACA2A0A61BA0084B84F /* Assets.xcassets */ = {isa = PBXFileReference; lastKnownFileType = folder.assetcatalog; path = Assets.xcassets; sourceTree = "<group>"; };
		D2912ACD2A0A61BA0084B84F /* Preview Assets.xcassets */ = {isa = PBXFileReference; lastKnownFileType = folder.assetcatalog; path = "Preview Assets.xcassets"; sourceTree = "<group>"; };
		D2912AD32A0A61BA0084B84F /* ArtGalleryTests.xctest */ = {isa = PBXFileReference; explicitFileType = wrapper.cfbundle; includeInIndex = 0; path = ArtGalleryTests.xctest; sourceTree = BUILT_PRODUCTS_DIR; };
		D2912AD72A0A61BA0084B84F /* ArtGalleryTests.swift */ = {isa = PBXFileReference; lastKnownFileType = sourcecode.swift; path = ArtGalleryTests.swift; sourceTree = "<group>"; };
		D2912ADD2A0A61BA0084B84F /* ArtGalleryUITests.xctest */ = {isa = PBXFileReference; explicitFileType = wrapper.cfbundle; includeInIndex = 0; path = ArtGalleryUITests.xctest; sourceTree = BUILT_PRODUCTS_DIR; };
		D2912AE12A0A61BA0084B84F /* ArtGalleryUITests.swift */ = {isa = PBXFileReference; lastKnownFileType = sourcecode.swift; path = ArtGalleryUITests.swift; sourceTree = "<group>"; };
		D2912AE32A0A61BA0084B84F /* ArtGalleryUITestsLaunchTests.swift */ = {isa = PBXFileReference; lastKnownFileType = sourcecode.swift; path = ArtGalleryUITestsLaunchTests.swift; sourceTree = "<group>"; };
		D2C9B9C62A13A6400019BC1E /* ArtworkBriefSearchView.swift */ = {isa = PBXFileReference; lastKnownFileType = sourcecode.swift; path = ArtworkBriefSearchView.swift; sourceTree = "<group>"; };
		D2C9B9C92A13B0FC0019BC1E /* ArtworkBriefLoader.swift */ = {isa = PBXFileReference; lastKnownFileType = sourcecode.swift; path = ArtworkBriefLoader.swift; sourceTree = "<group>"; };
		D2C9B9CB2A13B1A10019BC1E /* RemoteArtworkBriefLoader.swift */ = {isa = PBXFileReference; lastKnownFileType = sourcecode.swift; path = RemoteArtworkBriefLoader.swift; sourceTree = "<group>"; };
		D2C9B9CD2A13B2990019BC1E /* ArtworkBriefListViewModel.swift */ = {isa = PBXFileReference; lastKnownFileType = sourcecode.swift; path = ArtworkBriefListViewModel.swift; sourceTree = "<group>"; };
		D2C9B9CF2A13B3D90019BC1E /* ArtworkBriefListView.swift */ = {isa = PBXFileReference; lastKnownFileType = sourcecode.swift; path = ArtworkBriefListView.swift; sourceTree = "<group>"; };
		D2C9B9D12A13B4F80019BC1E /* ArtworkBriefDummyData.swift */ = {isa = PBXFileReference; lastKnownFileType = sourcecode.swift; path = ArtworkBriefDummyData.swift; sourceTree = "<group>"; };
		D2C9B9D82A13B76B0019BC1E /* ArtworkBriefItemView.swift */ = {isa = PBXFileReference; lastKnownFileType = sourcecode.swift; path = ArtworkBriefItemView.swift; sourceTree = "<group>"; };
		D2C9B9DA2A13BF9B0019BC1E /* ArtworkBrief.swift */ = {isa = PBXFileReference; lastKnownFileType = sourcecode.swift; path = ArtworkBrief.swift; sourceTree = "<group>"; };
/* End PBXFileReference section */

/* Begin PBXFrameworksBuildPhase section */
		D2912AC02A0A61B90084B84F /* Frameworks */ = {
			isa = PBXFrameworksBuildPhase;
			buildActionMask = 2147483647;
			files = (
			);
			runOnlyForDeploymentPostprocessing = 0;
		};
		D2912AD02A0A61BA0084B84F /* Frameworks */ = {
			isa = PBXFrameworksBuildPhase;
			buildActionMask = 2147483647;
			files = (
			);
			runOnlyForDeploymentPostprocessing = 0;
		};
		D2912ADA2A0A61BA0084B84F /* Frameworks */ = {
			isa = PBXFrameworksBuildPhase;
			buildActionMask = 2147483647;
			files = (
			);
			runOnlyForDeploymentPostprocessing = 0;
		};
/* End PBXFrameworksBuildPhase section */

/* Begin PBXGroup section */
		D21CF9E42A0A6350002C0F2E /* Main */ = {
			isa = PBXGroup;
			children = (
				D21CF9EB2A0A6532002C0F2E /* Composition root */,
				D21CF9EA2A0A652D002C0F2E /* Routing */,
				D21CF9E72A0A63A5002C0F2E /* Info.plist */,
				D272B33E2A167EE4004FB318 /* secrets.xcconfig */,
			);
			path = Main;
			sourceTree = "<group>";
		};
		D21CF9EA2A0A652D002C0F2E /* Routing */ = {
			isa = PBXGroup;
			children = (
				D21CF9E82A0A6527002C0F2E /* NavigationControllerRouter.swift */,
				D21CF9EC2A0A6589002C0F2E /* ViewControllerFactory.swift */,
			);
			path = Routing;
			sourceTree = "<group>";
		};
		D21CF9EB2A0A6532002C0F2E /* Composition root */ = {
			isa = PBXGroup;
			children = (
				D21CF9E52A0A635F002C0F2E /* AppDelegate.swift */,
				D21CF9EE2A0A661B002C0F2E /* iOSSwiftUIViewControllerFactory.swift */,
			);
			path = "Composition root";
			sourceTree = "<group>";
		};
		D21CF9F02A0A66D0002C0F2E /* Artwork */ = {
			isa = PBXGroup;
			children = (
				D21CF9F12A0A6790002C0F2E /* Domain */,
				D21CF9FA2A0A6C31002C0F2E /* Application */,
				D21CFA0D2A0D2720002C0F2E /* Infrastructure */,
			);
			path = Artwork;
			sourceTree = "<group>";
		};
		D21CF9F12A0A6790002C0F2E /* Domain */ = {
			isa = PBXGroup;
			children = (
				D2C9B9DA2A13BF9B0019BC1E /* ArtworkBrief.swift */,
				D21CF9F22A0A679F002C0F2E /* Artwork.swift */,
				D2C9B9C92A13B0FC0019BC1E /* ArtworkBriefLoader.swift */,
				D21CF9F42A0A6AFC002C0F2E /* ArtworkLoader.swift */,
			);
			path = Domain;
			sourceTree = "<group>";
		};
		D21CF9FA2A0A6C31002C0F2E /* Application */ = {
			isa = PBXGroup;
			children = (
				D21CF9FB2A0A6C3A002C0F2E /* API */,
				D21CFA132A0D2C1F002C0F2E /* Presentation */,
			);
			path = Application;
			sourceTree = "<group>";
		};
		D21CF9FB2A0A6C3A002C0F2E /* API */ = {
			isa = PBXGroup;
			children = (
				D2C9B9CB2A13B1A10019BC1E /* RemoteArtworkBriefLoader.swift */,
				D21CF9FC2A0A6C4A002C0F2E /* RemoteArtworkLoader.swift */,
				D21CFA002A0A6DB9002C0F2E /* ArtworkRequestProvider.swift */,
				D21CFA022A0A733A002C0F2E /* ArtworkMapper.swift */,
				D21CFA042A0A73BC002C0F2E /* ArtworkDTOs.swift */,
				D21CFA062A0BBDD5002C0F2E /* ArtworkAPIErrors.swift */,
				D21CFA092A0BC134002C0F2E /* HTTPClient.swift */,
				D21CFA112A0D2A05002C0F2E /* AuthenticatedHTTPClientDecorator.swift */,
			);
			path = API;
			sourceTree = "<group>";
		};
		D21CFA0D2A0D2720002C0F2E /* Infrastructure */ = {
			isa = PBXGroup;
			children = (
				D2C9B9C52A13A62C0019BC1E /* Views */,
				D21CFA0E2A0D272F002C0F2E /* API */,
			);
			path = Infrastructure;
			sourceTree = "<group>";
		};
		D21CFA0E2A0D272F002C0F2E /* API */ = {
			isa = PBXGroup;
			children = (
				D21CFA0F2A0D273F002C0F2E /* URLSessionHTTPClient.swift */,
			);
			path = API;
			sourceTree = "<group>";
		};
		D21CFA132A0D2C1F002C0F2E /* Presentation */ = {
			isa = PBXGroup;
			children = (
				D21CFA142A0D2CB0002C0F2E /* ArtworkBriefSearchViewModel.swift */,
				D2C9B9CD2A13B2990019BC1E /* ArtworkBriefListViewModel.swift */,
				D21CFA162A0D3544002C0F2E /* ArtworkBriefItemViewModel.swift */,
			);
			path = Presentation;
			sourceTree = "<group>";
		};
		D2912ABA2A0A61B90084B84F = {
			isa = PBXGroup;
			children = (
				D2912AC52A0A61B90084B84F /* ArtGallery */,
				D2912AD62A0A61BA0084B84F /* ArtGalleryTests */,
				D2912AE02A0A61BA0084B84F /* ArtGalleryUITests */,
				D2912AC42A0A61B90084B84F /* Products */,
			);
			sourceTree = "<group>";
		};
		D2912AC42A0A61B90084B84F /* Products */ = {
			isa = PBXGroup;
			children = (
				D2912AC32A0A61B90084B84F /* ArtGallery.app */,
				D2912AD32A0A61BA0084B84F /* ArtGalleryTests.xctest */,
				D2912ADD2A0A61BA0084B84F /* ArtGalleryUITests.xctest */,
			);
			name = Products;
			sourceTree = "<group>";
		};
		D2912AC52A0A61B90084B84F /* ArtGallery */ = {
			isa = PBXGroup;
			children = (
				D21CF9E42A0A6350002C0F2E /* Main */,
				D21CF9F02A0A66D0002C0F2E /* Artwork */,
				D2912ACA2A0A61BA0084B84F /* Assets.xcassets */,
				D2912ACC2A0A61BA0084B84F /* Preview Content */,
			);
			path = ArtGallery;
			sourceTree = "<group>";
		};
		D2912ACC2A0A61BA0084B84F /* Preview Content */ = {
			isa = PBXGroup;
			children = (
				D2912ACD2A0A61BA0084B84F /* Preview Assets.xcassets */,
			);
			path = "Preview Content";
			sourceTree = "<group>";
		};
		D2912AD62A0A61BA0084B84F /* ArtGalleryTests */ = {
			isa = PBXGroup;
			children = (
				D2912AD72A0A61BA0084B84F /* ArtGalleryTests.swift */,
			);
			path = ArtGalleryTests;
			sourceTree = "<group>";
		};
		D2912AE02A0A61BA0084B84F /* ArtGalleryUITests */ = {
			isa = PBXGroup;
			children = (
				D2912AE12A0A61BA0084B84F /* ArtGalleryUITests.swift */,
				D2912AE32A0A61BA0084B84F /* ArtGalleryUITestsLaunchTests.swift */,
			);
			path = ArtGalleryUITests;
			sourceTree = "<group>";
		};
		D2C9B9C52A13A62C0019BC1E /* Views */ = {
			isa = PBXGroup;
			children = (
				D2C9B9D32A13B6080019BC1E /* Preview Data */,
				D2C9B9C62A13A6400019BC1E /* ArtworkBriefSearchView.swift */,
				D2C9B9CF2A13B3D90019BC1E /* ArtworkBriefListView.swift */,
				D2C9B9D82A13B76B0019BC1E /* ArtworkBriefItemView.swift */,
			);
			path = Views;
			sourceTree = "<group>";
		};
		D2C9B9D32A13B6080019BC1E /* Preview Data */ = {
			isa = PBXGroup;
			children = (
				D2C9B9D12A13B4F80019BC1E /* ArtworkBriefDummyData.swift */,
			);
			path = "Preview Data";
			sourceTree = "<group>";
		};
/* End PBXGroup section */

/* Begin PBXNativeTarget section */
		D2912AC22A0A61B90084B84F /* ArtGallery */ = {
			isa = PBXNativeTarget;
			buildConfigurationList = D2912AE72A0A61BA0084B84F /* Build configuration list for PBXNativeTarget "ArtGallery" */;
			buildPhases = (
				D2912ABF2A0A61B90084B84F /* Sources */,
				D2912AC02A0A61B90084B84F /* Frameworks */,
				D2912AC12A0A61B90084B84F /* Resources */,
			);
			buildRules = (
			);
			dependencies = (
			);
			name = ArtGallery;
			productName = ArtGallery;
			productReference = D2912AC32A0A61B90084B84F /* ArtGallery.app */;
			productType = "com.apple.product-type.application";
		};
		D2912AD22A0A61BA0084B84F /* ArtGalleryTests */ = {
			isa = PBXNativeTarget;
			buildConfigurationList = D2912AEA2A0A61BA0084B84F /* Build configuration list for PBXNativeTarget "ArtGalleryTests" */;
			buildPhases = (
				D2912ACF2A0A61BA0084B84F /* Sources */,
				D2912AD02A0A61BA0084B84F /* Frameworks */,
				D2912AD12A0A61BA0084B84F /* Resources */,
			);
			buildRules = (
			);
			dependencies = (
				D2912AD52A0A61BA0084B84F /* PBXTargetDependency */,
			);
			name = ArtGalleryTests;
			productName = ArtGalleryTests;
			productReference = D2912AD32A0A61BA0084B84F /* ArtGalleryTests.xctest */;
			productType = "com.apple.product-type.bundle.unit-test";
		};
		D2912ADC2A0A61BA0084B84F /* ArtGalleryUITests */ = {
			isa = PBXNativeTarget;
			buildConfigurationList = D2912AED2A0A61BA0084B84F /* Build configuration list for PBXNativeTarget "ArtGalleryUITests" */;
			buildPhases = (
				D2912AD92A0A61BA0084B84F /* Sources */,
				D2912ADA2A0A61BA0084B84F /* Frameworks */,
				D2912ADB2A0A61BA0084B84F /* Resources */,
			);
			buildRules = (
			);
			dependencies = (
				D2912ADF2A0A61BA0084B84F /* PBXTargetDependency */,
			);
			name = ArtGalleryUITests;
			productName = ArtGalleryUITests;
			productReference = D2912ADD2A0A61BA0084B84F /* ArtGalleryUITests.xctest */;
			productType = "com.apple.product-type.bundle.ui-testing";
		};
/* End PBXNativeTarget section */

/* Begin PBXProject section */
		D2912ABB2A0A61B90084B84F /* Project object */ = {
			isa = PBXProject;
			attributes = {
				BuildIndependentTargetsInParallel = 1;
				LastSwiftUpdateCheck = 1420;
				LastUpgradeCheck = 1420;
				TargetAttributes = {
					D2912AC22A0A61B90084B84F = {
						CreatedOnToolsVersion = 14.2;
					};
					D2912AD22A0A61BA0084B84F = {
						CreatedOnToolsVersion = 14.2;
						TestTargetID = D2912AC22A0A61B90084B84F;
					};
					D2912ADC2A0A61BA0084B84F = {
						CreatedOnToolsVersion = 14.2;
						TestTargetID = D2912AC22A0A61B90084B84F;
					};
				};
			};
			buildConfigurationList = D2912ABE2A0A61B90084B84F /* Build configuration list for PBXProject "ArtGallery" */;
			compatibilityVersion = "Xcode 14.0";
			developmentRegion = en;
			hasScannedForEncodings = 0;
			knownRegions = (
				en,
				Base,
			);
			mainGroup = D2912ABA2A0A61B90084B84F;
			productRefGroup = D2912AC42A0A61B90084B84F /* Products */;
			projectDirPath = "";
			projectRoot = "";
			targets = (
				D2912AC22A0A61B90084B84F /* ArtGallery */,
				D2912AD22A0A61BA0084B84F /* ArtGalleryTests */,
				D2912ADC2A0A61BA0084B84F /* ArtGalleryUITests */,
			);
		};
/* End PBXProject section */

/* Begin PBXResourcesBuildPhase section */
		D2912AC12A0A61B90084B84F /* Resources */ = {
			isa = PBXResourcesBuildPhase;
			buildActionMask = 2147483647;
			files = (
				D2912ACE2A0A61BA0084B84F /* Preview Assets.xcassets in Resources */,
				D2912ACB2A0A61BA0084B84F /* Assets.xcassets in Resources */,
			);
			runOnlyForDeploymentPostprocessing = 0;
		};
		D2912AD12A0A61BA0084B84F /* Resources */ = {
			isa = PBXResourcesBuildPhase;
			buildActionMask = 2147483647;
			files = (
			);
			runOnlyForDeploymentPostprocessing = 0;
		};
		D2912ADB2A0A61BA0084B84F /* Resources */ = {
			isa = PBXResourcesBuildPhase;
			buildActionMask = 2147483647;
			files = (
			);
			runOnlyForDeploymentPostprocessing = 0;
		};
/* End PBXResourcesBuildPhase section */

/* Begin PBXSourcesBuildPhase section */
		D2912ABF2A0A61B90084B84F /* Sources */ = {
			isa = PBXSourcesBuildPhase;
			buildActionMask = 2147483647;
			files = (
				D2C9B9CE2A13B2990019BC1E /* ArtworkBriefListViewModel.swift in Sources */,
				D21CFA152A0D2CB0002C0F2E /* ArtworkBriefSearchViewModel.swift in Sources */,
				D2C9B9D22A13B4F80019BC1E /* ArtworkBriefDummyData.swift in Sources */,
				D21CF9F32A0A679F002C0F2E /* Artwork.swift in Sources */,
				D2C9B9D92A13B76B0019BC1E /* ArtworkBriefItemView.swift in Sources */,
				D2C9B9CA2A13B0FC0019BC1E /* ArtworkBriefLoader.swift in Sources */,
				D21CF9FD2A0A6C4A002C0F2E /* RemoteArtworkLoader.swift in Sources */,
				D2C9B9DB2A13BF9B0019BC1E /* ArtworkBrief.swift in Sources */,
				D21CFA122A0D2A05002C0F2E /* AuthenticatedHTTPClientDecorator.swift in Sources */,
				D21CFA0A2A0BC161002C0F2E /* HTTPClient.swift in Sources */,
				D21CFA032A0A733A002C0F2E /* ArtworkMapper.swift in Sources */,
				D21CFA012A0A6DB9002C0F2E /* ArtworkRequestProvider.swift in Sources */,
				D21CFA172A0D3544002C0F2E /* ArtworkBriefItemViewModel.swift in Sources */,
				D21CF9F52A0A6AFC002C0F2E /* ArtworkLoader.swift in Sources */,
				D2C9B9CC2A13B1A10019BC1E /* RemoteArtworkBriefLoader.swift in Sources */,
				D21CFA102A0D273F002C0F2E /* URLSessionHTTPClient.swift in Sources */,
				D21CF9ED2A0A6589002C0F2E /* ViewControllerFactory.swift in Sources */,
				D21CF9EF2A0A661B002C0F2E /* iOSSwiftUIViewControllerFactory.swift in Sources */,
				D2C9B9C72A13A6400019BC1E /* ArtworkBriefSearchView.swift in Sources */,
				D21CF9E92A0A6527002C0F2E /* NavigationControllerRouter.swift in Sources */,
				D21CF9E62A0A635F002C0F2E /* AppDelegate.swift in Sources */,
				D21CFA072A0BBDD5002C0F2E /* ArtworkAPIErrors.swift in Sources */,
				D21CFA052A0A73BC002C0F2E /* ArtworkDTOs.swift in Sources */,
				D2C9B9D02A13B3D90019BC1E /* ArtworkBriefListView.swift in Sources */,
			);
			runOnlyForDeploymentPostprocessing = 0;
		};
		D2912ACF2A0A61BA0084B84F /* Sources */ = {
			isa = PBXSourcesBuildPhase;
			buildActionMask = 2147483647;
			files = (
				D2912AD82A0A61BA0084B84F /* ArtGalleryTests.swift in Sources */,
			);
			runOnlyForDeploymentPostprocessing = 0;
		};
		D2912AD92A0A61BA0084B84F /* Sources */ = {
			isa = PBXSourcesBuildPhase;
			buildActionMask = 2147483647;
			files = (
				D2912AE22A0A61BA0084B84F /* ArtGalleryUITests.swift in Sources */,
				D2912AE42A0A61BA0084B84F /* ArtGalleryUITestsLaunchTests.swift in Sources */,
			);
			runOnlyForDeploymentPostprocessing = 0;
		};
/* End PBXSourcesBuildPhase section */

/* Begin PBXTargetDependency section */
		D2912AD52A0A61BA0084B84F /* PBXTargetDependency */ = {
			isa = PBXTargetDependency;
			target = D2912AC22A0A61B90084B84F /* ArtGallery */;
			targetProxy = D2912AD42A0A61BA0084B84F /* PBXContainerItemProxy */;
		};
		D2912ADF2A0A61BA0084B84F /* PBXTargetDependency */ = {
			isa = PBXTargetDependency;
			target = D2912AC22A0A61B90084B84F /* ArtGallery */;
			targetProxy = D2912ADE2A0A61BA0084B84F /* PBXContainerItemProxy */;
		};
/* End PBXTargetDependency section */

/* Begin XCBuildConfiguration section */
		D2912AE52A0A61BA0084B84F /* Debug */ = {
			isa = XCBuildConfiguration;
			baseConfigurationReference = D272B33E2A167EE4004FB318 /* secrets.xcconfig */;
			buildSettings = {
				ALWAYS_SEARCH_USER_PATHS = NO;
				CLANG_ANALYZER_NONNULL = YES;
				CLANG_ANALYZER_NUMBER_OBJECT_CONVERSION = YES_AGGRESSIVE;
				CLANG_CXX_LANGUAGE_STANDARD = "gnu++20";
				CLANG_ENABLE_MODULES = YES;
				CLANG_ENABLE_OBJC_ARC = YES;
				CLANG_ENABLE_OBJC_WEAK = YES;
				CLANG_WARN_BLOCK_CAPTURE_AUTORELEASING = YES;
				CLANG_WARN_BOOL_CONVERSION = YES;
				CLANG_WARN_COMMA = YES;
				CLANG_WARN_CONSTANT_CONVERSION = YES;
				CLANG_WARN_DEPRECATED_OBJC_IMPLEMENTATIONS = YES;
				CLANG_WARN_DIRECT_OBJC_ISA_USAGE = YES_ERROR;
				CLANG_WARN_DOCUMENTATION_COMMENTS = YES;
				CLANG_WARN_EMPTY_BODY = YES;
				CLANG_WARN_ENUM_CONVERSION = YES;
				CLANG_WARN_INFINITE_RECURSION = YES;
				CLANG_WARN_INT_CONVERSION = YES;
				CLANG_WARN_NON_LITERAL_NULL_CONVERSION = YES;
				CLANG_WARN_OBJC_IMPLICIT_RETAIN_SELF = YES;
				CLANG_WARN_OBJC_LITERAL_CONVERSION = YES;
				CLANG_WARN_OBJC_ROOT_CLASS = YES_ERROR;
				CLANG_WARN_QUOTED_INCLUDE_IN_FRAMEWORK_HEADER = YES;
				CLANG_WARN_RANGE_LOOP_ANALYSIS = YES;
				CLANG_WARN_STRICT_PROTOTYPES = YES;
				CLANG_WARN_SUSPICIOUS_MOVE = YES;
				CLANG_WARN_UNGUARDED_AVAILABILITY = YES_AGGRESSIVE;
				CLANG_WARN_UNREACHABLE_CODE = YES;
				CLANG_WARN__DUPLICATE_METHOD_MATCH = YES;
				COPY_PHASE_STRIP = NO;
				DEBUG_INFORMATION_FORMAT = dwarf;
				ENABLE_STRICT_OBJC_MSGSEND = YES;
				ENABLE_TESTABILITY = YES;
				GCC_C_LANGUAGE_STANDARD = gnu11;
				GCC_DYNAMIC_NO_PIC = NO;
				GCC_NO_COMMON_BLOCKS = YES;
				GCC_OPTIMIZATION_LEVEL = 0;
				GCC_PREPROCESSOR_DEFINITIONS = (
					"DEBUG=1",
					"$(inherited)",
				);
				GCC_WARN_64_TO_32_BIT_CONVERSION = YES;
				GCC_WARN_ABOUT_RETURN_TYPE = YES_ERROR;
				GCC_WARN_UNDECLARED_SELECTOR = YES;
				GCC_WARN_UNINITIALIZED_AUTOS = YES_AGGRESSIVE;
				GCC_WARN_UNUSED_FUNCTION = YES;
				GCC_WARN_UNUSED_VARIABLE = YES;
				IPHONEOS_DEPLOYMENT_TARGET = 16.2;
				MTL_ENABLE_DEBUG_INFO = INCLUDE_SOURCE;
				MTL_FAST_MATH = YES;
				ONLY_ACTIVE_ARCH = YES;
				SDKROOT = iphoneos;
				SWIFT_ACTIVE_COMPILATION_CONDITIONS = DEBUG;
				SWIFT_OPTIMIZATION_LEVEL = "-Onone";
			};
			name = Debug;
		};
		D2912AE62A0A61BA0084B84F /* Release */ = {
			isa = XCBuildConfiguration;
			baseConfigurationReference = D272B33E2A167EE4004FB318 /* secrets.xcconfig */;
			buildSettings = {
				ALWAYS_SEARCH_USER_PATHS = NO;
				CLANG_ANALYZER_NONNULL = YES;
				CLANG_ANALYZER_NUMBER_OBJECT_CONVERSION = YES_AGGRESSIVE;
				CLANG_CXX_LANGUAGE_STANDARD = "gnu++20";
				CLANG_ENABLE_MODULES = YES;
				CLANG_ENABLE_OBJC_ARC = YES;
				CLANG_ENABLE_OBJC_WEAK = YES;
				CLANG_WARN_BLOCK_CAPTURE_AUTORELEASING = YES;
				CLANG_WARN_BOOL_CONVERSION = YES;
				CLANG_WARN_COMMA = YES;
				CLANG_WARN_CONSTANT_CONVERSION = YES;
				CLANG_WARN_DEPRECATED_OBJC_IMPLEMENTATIONS = YES;
				CLANG_WARN_DIRECT_OBJC_ISA_USAGE = YES_ERROR;
				CLANG_WARN_DOCUMENTATION_COMMENTS = YES;
				CLANG_WARN_EMPTY_BODY = YES;
				CLANG_WARN_ENUM_CONVERSION = YES;
				CLANG_WARN_INFINITE_RECURSION = YES;
				CLANG_WARN_INT_CONVERSION = YES;
				CLANG_WARN_NON_LITERAL_NULL_CONVERSION = YES;
				CLANG_WARN_OBJC_IMPLICIT_RETAIN_SELF = YES;
				CLANG_WARN_OBJC_LITERAL_CONVERSION = YES;
				CLANG_WARN_OBJC_ROOT_CLASS = YES_ERROR;
				CLANG_WARN_QUOTED_INCLUDE_IN_FRAMEWORK_HEADER = YES;
				CLANG_WARN_RANGE_LOOP_ANALYSIS = YES;
				CLANG_WARN_STRICT_PROTOTYPES = YES;
				CLANG_WARN_SUSPICIOUS_MOVE = YES;
				CLANG_WARN_UNGUARDED_AVAILABILITY = YES_AGGRESSIVE;
				CLANG_WARN_UNREACHABLE_CODE = YES;
				CLANG_WARN__DUPLICATE_METHOD_MATCH = YES;
				COPY_PHASE_STRIP = NO;
				DEBUG_INFORMATION_FORMAT = "dwarf-with-dsym";
				ENABLE_NS_ASSERTIONS = NO;
				ENABLE_STRICT_OBJC_MSGSEND = YES;
				GCC_C_LANGUAGE_STANDARD = gnu11;
				GCC_NO_COMMON_BLOCKS = YES;
				GCC_WARN_64_TO_32_BIT_CONVERSION = YES;
				GCC_WARN_ABOUT_RETURN_TYPE = YES_ERROR;
				GCC_WARN_UNDECLARED_SELECTOR = YES;
				GCC_WARN_UNINITIALIZED_AUTOS = YES_AGGRESSIVE;
				GCC_WARN_UNUSED_FUNCTION = YES;
				GCC_WARN_UNUSED_VARIABLE = YES;
				IPHONEOS_DEPLOYMENT_TARGET = 16.2;
				MTL_ENABLE_DEBUG_INFO = NO;
				MTL_FAST_MATH = YES;
				SDKROOT = iphoneos;
				SWIFT_COMPILATION_MODE = wholemodule;
				SWIFT_OPTIMIZATION_LEVEL = "-O";
				VALIDATE_PRODUCT = YES;
			};
			name = Release;
		};
		D2912AE82A0A61BA0084B84F /* Debug */ = {
			isa = XCBuildConfiguration;
			buildSettings = {
				ASSETCATALOG_COMPILER_APPICON_NAME = AppIcon;
				ASSETCATALOG_COMPILER_GLOBAL_ACCENT_COLOR_NAME = AccentColor;
				CODE_SIGN_STYLE = Automatic;
				CURRENT_PROJECT_VERSION = 1;
				DEVELOPMENT_ASSET_PATHS = "\"ArtGallery/Preview Content\"";
				DEVELOPMENT_TEAM = YK9KUM8896;
				ENABLE_PREVIEWS = YES;
				GENERATE_INFOPLIST_FILE = YES;
				INFOPLIST_FILE = ArtGallery/Main/Info.plist;
				INFOPLIST_KEY_UIApplicationSupportsIndirectInputEvents = YES;
				INFOPLIST_KEY_UILaunchScreen_Generation = YES;
				INFOPLIST_KEY_UISupportedInterfaceOrientations_iPad = "UIInterfaceOrientationPortrait UIInterfaceOrientationPortraitUpsideDown UIInterfaceOrientationLandscapeLeft UIInterfaceOrientationLandscapeRight";
				INFOPLIST_KEY_UISupportedInterfaceOrientations_iPhone = "UIInterfaceOrientationPortrait UIInterfaceOrientationLandscapeLeft UIInterfaceOrientationLandscapeRight";
				IPHONEOS_DEPLOYMENT_TARGET = 16.0;
				LD_RUNPATH_SEARCH_PATHS = (
					"$(inherited)",
					"@executable_path/Frameworks",
				);
				MARKETING_VERSION = 1.0;
				PRODUCT_BUNDLE_IDENTIFIER = xyz.nikolamilic.ArtGallery;
				PRODUCT_NAME = "$(TARGET_NAME)";
				SWIFT_EMIT_LOC_STRINGS = YES;
				SWIFT_VERSION = 5.0;
				TARGETED_DEVICE_FAMILY = "1,2";
			};
			name = Debug;
		};
		D2912AE92A0A61BA0084B84F /* Release */ = {
			isa = XCBuildConfiguration;
			buildSettings = {
				ASSETCATALOG_COMPILER_APPICON_NAME = AppIcon;
				ASSETCATALOG_COMPILER_GLOBAL_ACCENT_COLOR_NAME = AccentColor;
				CODE_SIGN_STYLE = Automatic;
				CURRENT_PROJECT_VERSION = 1;
				DEVELOPMENT_ASSET_PATHS = "\"ArtGallery/Preview Content\"";
				DEVELOPMENT_TEAM = YK9KUM8896;
				ENABLE_PREVIEWS = YES;
				GENERATE_INFOPLIST_FILE = YES;
				INFOPLIST_FILE = ArtGallery/Main/Info.plist;
				INFOPLIST_KEY_UIApplicationSupportsIndirectInputEvents = YES;
				INFOPLIST_KEY_UILaunchScreen_Generation = YES;
				INFOPLIST_KEY_UISupportedInterfaceOrientations_iPad = "UIInterfaceOrientationPortrait UIInterfaceOrientationPortraitUpsideDown UIInterfaceOrientationLandscapeLeft UIInterfaceOrientationLandscapeRight";
				INFOPLIST_KEY_UISupportedInterfaceOrientations_iPhone = "UIInterfaceOrientationPortrait UIInterfaceOrientationLandscapeLeft UIInterfaceOrientationLandscapeRight";
				IPHONEOS_DEPLOYMENT_TARGET = 16.0;
				LD_RUNPATH_SEARCH_PATHS = (
					"$(inherited)",
					"@executable_path/Frameworks",
				);
				MARKETING_VERSION = 1.0;
				PRODUCT_BUNDLE_IDENTIFIER = xyz.nikolamilic.ArtGallery;
				PRODUCT_NAME = "$(TARGET_NAME)";
				SWIFT_EMIT_LOC_STRINGS = YES;
				SWIFT_VERSION = 5.0;
				TARGETED_DEVICE_FAMILY = "1,2";
			};
			name = Release;
		};
		D2912AEB2A0A61BA0084B84F /* Debug */ = {
			isa = XCBuildConfiguration;
			buildSettings = {
				ALWAYS_EMBED_SWIFT_STANDARD_LIBRARIES = YES;
				BUNDLE_LOADER = "$(TEST_HOST)";
				CODE_SIGN_STYLE = Automatic;
				CURRENT_PROJECT_VERSION = 1;
				DEVELOPMENT_TEAM = YK9KUM8896;
				GENERATE_INFOPLIST_FILE = YES;
				IPHONEOS_DEPLOYMENT_TARGET = 16.2;
				MARKETING_VERSION = 1.0;
				PRODUCT_BUNDLE_IDENTIFIER = xyz.nikolamilic.ArtGalleryTests;
				PRODUCT_NAME = "$(TARGET_NAME)";
				SWIFT_EMIT_LOC_STRINGS = NO;
				SWIFT_VERSION = 5.0;
				TARGETED_DEVICE_FAMILY = "1,2";
				TEST_HOST = "$(BUILT_PRODUCTS_DIR)/ArtGallery.app/$(BUNDLE_EXECUTABLE_FOLDER_PATH)/ArtGallery";
			};
			name = Debug;
		};
		D2912AEC2A0A61BA0084B84F /* Release */ = {
			isa = XCBuildConfiguration;
			buildSettings = {
				ALWAYS_EMBED_SWIFT_STANDARD_LIBRARIES = YES;
				BUNDLE_LOADER = "$(TEST_HOST)";
				CODE_SIGN_STYLE = Automatic;
				CURRENT_PROJECT_VERSION = 1;
				DEVELOPMENT_TEAM = YK9KUM8896;
				GENERATE_INFOPLIST_FILE = YES;
				IPHONEOS_DEPLOYMENT_TARGET = 16.2;
				MARKETING_VERSION = 1.0;
				PRODUCT_BUNDLE_IDENTIFIER = xyz.nikolamilic.ArtGalleryTests;
				PRODUCT_NAME = "$(TARGET_NAME)";
				SWIFT_EMIT_LOC_STRINGS = NO;
				SWIFT_VERSION = 5.0;
				TARGETED_DEVICE_FAMILY = "1,2";
				TEST_HOST = "$(BUILT_PRODUCTS_DIR)/ArtGallery.app/$(BUNDLE_EXECUTABLE_FOLDER_PATH)/ArtGallery";
			};
			name = Release;
		};
		D2912AEE2A0A61BA0084B84F /* Debug */ = {
			isa = XCBuildConfiguration;
			buildSettings = {
				ALWAYS_EMBED_SWIFT_STANDARD_LIBRARIES = YES;
				CODE_SIGN_STYLE = Automatic;
				CURRENT_PROJECT_VERSION = 1;
				DEVELOPMENT_TEAM = YK9KUM8896;
				GENERATE_INFOPLIST_FILE = YES;
				MARKETING_VERSION = 1.0;
				PRODUCT_BUNDLE_IDENTIFIER = xyz.nikolamilic.ArtGalleryUITests;
				PRODUCT_NAME = "$(TARGET_NAME)";
				SWIFT_EMIT_LOC_STRINGS = NO;
				SWIFT_VERSION = 5.0;
				TARGETED_DEVICE_FAMILY = "1,2";
				TEST_TARGET_NAME = ArtGallery;
			};
			name = Debug;
		};
		D2912AEF2A0A61BA0084B84F /* Release */ = {
			isa = XCBuildConfiguration;
			buildSettings = {
				ALWAYS_EMBED_SWIFT_STANDARD_LIBRARIES = YES;
				CODE_SIGN_STYLE = Automatic;
				CURRENT_PROJECT_VERSION = 1;
				DEVELOPMENT_TEAM = YK9KUM8896;
				GENERATE_INFOPLIST_FILE = YES;
				MARKETING_VERSION = 1.0;
				PRODUCT_BUNDLE_IDENTIFIER = xyz.nikolamilic.ArtGalleryUITests;
				PRODUCT_NAME = "$(TARGET_NAME)";
				SWIFT_EMIT_LOC_STRINGS = NO;
				SWIFT_VERSION = 5.0;
				TARGETED_DEVICE_FAMILY = "1,2";
				TEST_TARGET_NAME = ArtGallery;
			};
			name = Release;
		};
/* End XCBuildConfiguration section */

/* Begin XCConfigurationList section */
		D2912ABE2A0A61B90084B84F /* Build configuration list for PBXProject "ArtGallery" */ = {
			isa = XCConfigurationList;
			buildConfigurations = (
				D2912AE52A0A61BA0084B84F /* Debug */,
				D2912AE62A0A61BA0084B84F /* Release */,
			);
			defaultConfigurationIsVisible = 0;
			defaultConfigurationName = Release;
		};
		D2912AE72A0A61BA0084B84F /* Build configuration list for PBXNativeTarget "ArtGallery" */ = {
			isa = XCConfigurationList;
			buildConfigurations = (
				D2912AE82A0A61BA0084B84F /* Debug */,
				D2912AE92A0A61BA0084B84F /* Release */,
			);
			defaultConfigurationIsVisible = 0;
			defaultConfigurationName = Release;
		};
		D2912AEA2A0A61BA0084B84F /* Build configuration list for PBXNativeTarget "ArtGalleryTests" */ = {
			isa = XCConfigurationList;
			buildConfigurations = (
				D2912AEB2A0A61BA0084B84F /* Debug */,
				D2912AEC2A0A61BA0084B84F /* Release */,
			);
			defaultConfigurationIsVisible = 0;
			defaultConfigurationName = Release;
		};
		D2912AED2A0A61BA0084B84F /* Build configuration list for PBXNativeTarget "ArtGalleryUITests" */ = {
			isa = XCConfigurationList;
			buildConfigurations = (
				D2912AEE2A0A61BA0084B84F /* Debug */,
				D2912AEF2A0A61BA0084B84F /* Release */,
			);
			defaultConfigurationIsVisible = 0;
			defaultConfigurationName = Release;
		};
/* End XCConfigurationList section */
	};
	rootObject = D2912ABB2A0A61B90084B84F /* Project object */;
}
